Microsoft Visual Studio Solution File, Format Version 12.00
# Visual Studio 15
VisualStudioVersion = 15.0.28307.572
MinimumVisualStudioVersion = 10.0.40219.1
Project("{F184B08F-C81C-45F6-A57F-5ABD9991F28F}") = "AdventureWorks", "AdventureWorks\AdventureWorks.vbproj", "{0C9A6D23-189A-4B45-B432-3A35B2A829B6}"
EndProject
Project("{F184B08F-C81C-45F6-A57F-5ABD9991F28F}") = "AdventureWorks.EntityLayer", "AdventureWorks.EntityLayer\AdventureWorks.EntityLayer.vbproj", "{7FAD0B6A-E6DB-4001-8052-EFB51583B903}"
EndProject
Project("{F184B08F-C81C-45F6-A57F-5ABD9991F28F}") = "Common.Library", "Common.Library\Common.Library.vbproj", "{37FC8C53-B045-43EF-A253-B234733D0EB9}"
EndProject
Project("{F184B08F-C81C-45F6-A57F-5ABD9991F28F}") = "AdventureWorks.ViewModelLayer", "AdventureWorks.ViewModelLayer\AdventureWorks.ViewModelLayer.vbproj", "{57C4E652-7980-45C7-8780-0E2060B31446}"
EndProject
Project("{F184B08F-C81C-45F6-A57F-5ABD9991F28F}") = "AdventureWorks.DataLayer", "AdventureWorks.DataLayer\AdventureWorks.DataLayer.vbproj", "{CE1C1012-E093-4E5E-9B40-E9E53FE9E920}"
EndProject
Global
	GlobalSection(SolutionConfigurationPlatforms) = preSolution
		Debug|Any CPU = Debug|Any CPU
		Release|Any CPU = Release|Any CPU
	EndGlobalSection
	GlobalSection(ProjectConfigurationPlatforms) = postSolution
		{0C9A6D23-189A-4B45-B432-3A35B2A829B6}.Debug|Any CPU.ActiveCfg = Debug|Any CPU
		{0C9A6D23-189A-4B45-B432-3A35B2A829B6}.Debug|Any CPU.Build.0 = Debug|Any CPU
		{0C9A6D23-189A-4B45-B432-3A35B2A829B6}.Release|Any CPU.ActiveCfg = Release|Any CPU
		{0C9A6D23-189A-4B45-B432-3A35B2A829B6}.Release|Any CPU.Build.0 = Release|Any CPU
		{7FAD0B6A-E6DB-4001-8052-EFB51583B903}.Debug|Any CPU.ActiveCfg = Debug|Any CPU
		{7FAD0B6A-E6DB-4001-8052-EFB51583B903}.Debug|Any CPU.Build.0 = Debug|Any CPU
		{7FAD0B6A-E6DB-4001-8052-EFB51583B903}.Release|Any CPU.ActiveCfg = Release|Any CPU
		{7FAD0B6A-E6DB-4001-8052-EFB51583B903}.Release|Any CPU.Build.0 = Release|Any CPU
		{37FC8C53-B045-43EF-A253-B234733D0EB9}.Debug|Any CPU.ActiveCfg = Debug|Any CPU
		{37FC8C53-B045-43EF-A253-B234733D0EB9}.Debug|Any CPU.Build.0 = Debug|Any CPU
		{37FC8C53-B045-43EF-A253-B234733D0EB9}.Release|Any CPU.ActiveCfg = Release|Any CPU
		{37FC8C53-B045-43EF-A253-B234733D0EB9}.Release|Any CPU.Build.0 = Release|Any CPU
		{57C4E652-7980-45C7-8780-0E2060B31446}.Debug|Any CPU.ActiveCfg = Debug|Any CPU
		{57C4E652-7980-45C7-8780-0E2060B31446}.Debug|Any CPU.Build.0 = Debug|Any CPU
		{57C4E652-7980-45C7-8780-0E2060B31446}.Release|Any CPU.ActiveCfg = Release|Any CPU
		{57C4E652-7980-45C7-8780-0E2060B31446}.Release|Any CPU.Build.0 = Release|Any CPU
		{CE1C1012-E093-4E5E-9B40-E9E53FE9E920}.Debug|Any CPU.ActiveCfg = Debug|Any CPU
		{CE1C1012-E093-4E5E-9B40-E9E53FE9E920}.Debug|Any CPU.Build.0 = Debug|Any CPU
		{CE1C1012-E093-4E5E-9B40-E9E53FE9E920}.Release|Any CPU.ActiveCfg = Release|Any CPU
		{CE1C1012-E093-4E5E-9B40-E9E53FE9E920}.Release|Any CPU.Build.0 = Release|Any CPU
	EndGlobalSection
	GlobalSection(SolutionProperties) = preSolution
		HideSolutionNode = FALSE
	EndGlobalSection
	GlobalSection(ExtensibilityGlobals) = postSolution
		SolutionGuid = {D35B6CF9-A749-4FF0-B8E1-F686E5181E5C}
	EndGlobalSection
EndGlobal